
Microsoft Visual Studio Solution File, Format Version 12.00
# Visual Studio Version 17
VisualStudioVersion = 17.9.34622.214
MinimumVisualStudioVersion = 10.0.40219.1
Project("{888888A0-9F3D-457C-B088-3A5042F75D52}") = "clase10", "clase10\clase10.pyproj", "{01C21D66-D5E0-491D-B9E2-6F6F52C3EF06}"
EndProject
Global
	GlobalSection(SolutionConfigurationPlatforms) = preSolution
		Debug|Any CPU = Debug|Any CPU
		Release|Any CPU = Release|Any CPU
	EndGlobalSection
	GlobalSection(ProjectConfigurationPlatforms) = postSolution
		{01C21D66-D5E0-491D-B9E2-6F6F52C3EF06}.Debug|Any CPU.ActiveCfg = Debug|Any CPU
		{01C21D66-D5E0-491D-B9E2-6F6F52C3EF06}.Release|Any CPU.ActiveCfg = Release|Any CPU
	EndGlobalSection
	GlobalSection(SolutionProperties) = preSolution
		HideSolutionNode = FALSE
	EndGlobalSection
	GlobalSection(ExtensibilityGlobals) = postSolution
		SolutionGuid = {FE09A1E6-9D0A-4C0D-8182-077470836AD4}
	EndGlobalSection
EndGlobal
