
Microsoft Visual Studio Solution File, Format Version 12.00
# Visual Studio Version 17
VisualStudioVersion = 17.9.34622.214
MinimumVisualStudioVersion = 10.0.40219.1
Project("{888888A0-9F3D-457C-B088-3A5042F75D52}") = "PythonApplicationshiur4", "PythonApplicationshiur4\PythonApplicationshiur4.pyproj", "{4FB071E7-E4AF-46BD-BF43-88EFDC02D3E7}"
EndProject
Global
	GlobalSection(SolutionConfigurationPlatforms) = preSolution
		Debug|Any CPU = Debug|Any CPU
		Release|Any CPU = Release|Any CPU
	EndGlobalSection
	GlobalSection(ProjectConfigurationPlatforms) = postSolution
		{4FB071E7-E4AF-46BD-BF43-88EFDC02D3E7}.Debug|Any CPU.ActiveCfg = Debug|Any CPU
		{4FB071E7-E4AF-46BD-BF43-88EFDC02D3E7}.Release|Any CPU.ActiveCfg = Release|Any CPU
	EndGlobalSection
	GlobalSection(SolutionProperties) = preSolution
		HideSolutionNode = FALSE
	EndGlobalSection
	GlobalSection(ExtensibilityGlobals) = postSolution
		SolutionGuid = {F402E99C-CAF6-4A5E-A202-A2364895DD34}
	EndGlobalSection
EndGlobal
