
Microsoft Visual Studio Solution File, Format Version 12.00
# Visual Studio Version 17
VisualStudioVersion = 17.9.34622.214
MinimumVisualStudioVersion = 10.0.40219.1
Project("{888888A0-9F3D-457C-B088-3A5042F75D52}") = "shiur 2", "shiur 2\shiur 2.pyproj", "{3ECC24DF-B8B4-44E4-B28B-BBD33B558B77}"
EndProject
Global
	GlobalSection(SolutionConfigurationPlatforms) = preSolution
		Debug|Any CPU = Debug|Any CPU
		Release|Any CPU = Release|Any CPU
	EndGlobalSection
	GlobalSection(ProjectConfigurationPlatforms) = postSolution
		{3ECC24DF-B8B4-44E4-B28B-BBD33B558B77}.Debug|Any CPU.ActiveCfg = Debug|Any CPU
		{3ECC24DF-B8B4-44E4-B28B-BBD33B558B77}.Release|Any CPU.ActiveCfg = Release|Any CPU
	EndGlobalSection
	GlobalSection(SolutionProperties) = preSolution
		HideSolutionNode = FALSE
	EndGlobalSection
	GlobalSection(ExtensibilityGlobals) = postSolution
		SolutionGuid = {6B00B265-51FC-4C44-9EB7-649C6E846FEE}
	EndGlobalSection
EndGlobal
